
Microsoft Visual Studio Solution File, Format Version 12.00
# Visual Studio Version 16
VisualStudioVersion = 16.0.30517.126
MinimumVisualStudioVersion = 10.0.40219.1
Project("{888888A0-9F3D-457C-B088-3A5042F75D52}") = "CallAWebsite", "CallAWebsite\CallAWebsite.pyproj", "{257ACE63-73B8-4C8B-9279-D8999125A55F}"
EndProject
Global
	GlobalSection(SolutionConfigurationPlatforms) = preSolution
		Debug|Any CPU = Debug|Any CPU
		Release|Any CPU = Release|Any CPU
	EndGlobalSection
	GlobalSection(ProjectConfigurationPlatforms) = postSolution
		{257ACE63-73B8-4C8B-9279-D8999125A55F}.Debug|Any CPU.ActiveCfg = Debug|Any CPU
		{257ACE63-73B8-4C8B-9279-D8999125A55F}.Release|Any CPU.ActiveCfg = Release|Any CPU
	EndGlobalSection
	GlobalSection(SolutionProperties) = preSolution
		HideSolutionNode = FALSE
	EndGlobalSection
	GlobalSection(ExtensibilityGlobals) = postSolution
		SolutionGuid = {E8B9814E-6C1B-46D9-9719-2BFDDE5A3DE0}
	EndGlobalSection
EndGlobal
